version = 1
revision = 2
requires-python = ">=3.11"

[[package]]
name = "blog-playwright"
version = "0.1.0"
source = { virtual = "." }
dependencies = [
    { name = "pytest" },
    { name = "pytest-playwright" },
]

[package.metadata]
requires-dist = [
    { name = "pytest", specifier = ">=8" },
    { name = "pytest-playwright", specifier = ">=0.6" },
]

[[package]]
name = "certifi"
version = "2026.1.4"
source = { registry = "https://pkgs.dev.azure.com/primer-ai/_packaging/Common/pypi/simple/" }
wheels = [
    { url = "https://pkgs.dev.azure.com/primer-ai/_packaging/ebbcebb3-fae7-4510-85ab-13932c893edc/pypi/download/certifi/2026.1.4/certifi-2026.1.4-py3-none-any.whl", hash = "sha256:9943707519e4add1115f44c2bc244f782c0249876bf51b6599fee1ffbedd685c" },
]

[[package]]
name = "charset-normalizer"
version = "3.4.4"
source = { registry = "https://pkgs.dev.azure.com/primer-ai/_packaging/Common/pypi/simple/" }
wheels = [
    { url = "https://pkgs.dev.azure.com/primer-ai/_packaging/ebbcebb3-fae7-4510-85ab-13932c893edc/pypi/download/charset-normalizer/3.4.4/charset_normalizer-3.4.4-cp312-cp312-macosx_10_13_universal2.whl", hash = "sha256:0a98e6759f854bd25a58a73fa88833fba3b7c491169f86ce1180c948ab3fd394" },
    { url = "https://pkgs.dev.azure.com/primer-ai/_packaging/ebbcebb3-fae7-4510-85ab-13932c893edc/pypi/download/charset-normalizer/3.4.4/charset_normalizer-3.4.4-cp312-cp312-manylinux2014_aarch64.manylinux_2_17_aarch64.manylinux_2_28_aarch64.whl", hash = "sha256:b5b290ccc2a263e8d185130284f8501e3e36c5e02750fc6b6bdeb2e9e96f1e25" },
    { url = "https://pkgs.dev.azure.com/primer-ai/_packaging/ebbcebb3-fae7-4510-85ab-13932c893edc/pypi/download/charset-normalizer/3.4.4/charset_normalizer-3.4.4-cp312-cp312-manylinux2014_x86_64.manylinux_2_17_x86_64.manylinux_2_28_x86_64.whl", hash = "sha256:11d694519d7f29d6cd09f6ac70028dba10f92f6cdd059096db198c283794ac86" },
]

[[package]]
name = "colorama"
version = "0.4.6"
source = { registry = "https://pkgs.dev.azure.com/primer-ai/_packaging/Common/pypi/simple/" }
wheels = [
    { url = "https://pkgs.dev.azure.com/primer-ai/_packaging/ebbcebb3-fae7-4510-85ab-13932c893edc/pypi/download/colorama/0.4.6/colorama-0.4.6-py2.py3-none-any.whl", hash = "sha256:4f1d9991f5acc0ca119f9d443620b77f9d6b33703e51011c16baf57afb285fc6" },
]

[[package]]
name = "greenlet"
version = "3.3.0"
source = { registry = "https://pkgs.dev.azure.com/primer-ai/_packaging/Common/pypi/simple/" }
wheels = [
    { url = "https://pkgs.dev.azure.com/primer-ai/_packaging/ebbcebb3-fae7-4510-85ab-13932c893edc/pypi/download/greenlet/3.3/greenlet-3.3.0-cp312-cp312-macosx_11_0_universal2.whl", hash = "sha256:b01548f6e0b9e9784a2c99c5651e5dc89ffcbe870bc5fb2e5ef864e9cc6b5dcb" },
    { url = "https://pkgs.dev.azure.com/primer-ai/_packaging/ebbcebb3-fae7-4510-85ab-13932c893edc/pypi/download/greenlet/3.3/greenlet-3.3.0-cp312-cp312-manylinux_2_24_aarch64.manylinux_2_28_aarch64.whl", hash = "sha256:349345b770dc88f81506c6861d22a6ccd422207829d2c854ae2af8025af303e3" },
    { url = "https://pkgs.dev.azure.com/primer-ai/_packaging/ebbcebb3-fae7-4510-85ab-13932c893edc/pypi/download/greenlet/3.3/greenlet-3.3.0-cp312-cp312-manylinux_2_24_x86_64.manylinux_2_28_x86_64.whl", hash = "sha256:047ab3df20ede6a57c35c14bf5200fcf04039d50f908270d3f9a7a82064f543b" },
]

[[package]]
name = "idna"
version = "3.11"
source = { registry = "https://pkgs.dev.azure.com/primer-ai/_packaging/Common/pypi/simple/" }
wheels = [
    { url = "https://pkgs.dev.azure.com/primer-ai/_packaging/ebbcebb3-fae7-4510-85ab-13932c893edc/pypi/download/idna/3.11/idna-3.11-py3-none-any.whl", hash = "sha256:771a87f49d9defaf64091e6e6fe9c18d4833f140bd19464795bc32d966ca37ea" },
]

[[package]]
name = "iniconfig"
version = "2.3.0"
source = { registry = "https://pkgs.dev.azure.com/primer-ai/_packaging/Common/pypi/simple/" }
wheels = [
    { url = "https://pkgs.dev.azure.com/primer-ai/_packaging/ebbcebb3-fae7-4510-85ab-13932c893edc/pypi/download/iniconfig/2.3/iniconfig-2.3.0-py3-none-any.whl", hash = "sha256:f631c04d2c48c52b84d0d0549c99ff3859c98df65b3101406327ecc7d53fbf12" },
]

[[package]]
name = "packaging"
version = "25.0"
source = { registry = "https://pkgs.dev.azure.com/primer-ai/_packaging/Common/pypi/simple/" }
wheels = [
    { url = "https://pkgs.dev.azure.com/primer-ai/_packaging/ebbcebb3-fae7-4510-85ab-13932c893edc/pypi/download/packaging/25/packaging-25.0-py3-none-any.whl", hash = "sha256:29572ef2b1f17581046b3a2227d5c611fb25ec70ca1ba8554b24b0e69331a484" },
]

[[package]]
name = "playwright"
version = "1.57.0"
source = { registry = "https://pkgs.dev.azure.com/primer-ai/_packaging/Common/pypi/simple/" }
dependencies = [
    { name = "greenlet" },
    { name = "pyee" },
]
wheels = [
    { url = "https://pkgs.dev.azure.com/primer-ai/_packaging/ebbcebb3-fae7-4510-85ab-13932c893edc/pypi/download/playwright/1.57/playwright-1.57.0-py3-none-macosx_11_0_arm64.whl", hash = "sha256:a4a9d65027bce48eeba842408bcc1421502dfd7e41e28d207e94260fa93ca67e" },
    { url = "https://pkgs.dev.azure.com/primer-ai/_packaging/ebbcebb3-fae7-4510-85ab-13932c893edc/pypi/download/playwright/1.57/playwright-1.57.0-py3-none-manylinux1_x86_64.whl", hash = "sha256:284ed5a706b7c389a06caa431b2f0ba9ac4130113c3a779767dda758c2497bb1" },
    { url = "https://pkgs.dev.azure.com/primer-ai/_packaging/ebbcebb3-fae7-4510-85ab-13932c893edc/pypi/download/playwright/1.57/playwright-1.57.0-py3-none-manylinux_2_17_aarch64.manylinux2014_aarch64.whl", hash = "sha256:38a1bae6c0a07839cdeaddbc0756b3b2b85e476c07945f64ece08f1f956a86f1" },
]

[[package]]
name = "pluggy"
version = "1.6.0"
source = { registry = "https://pkgs.dev.azure.com/primer-ai/_packaging/Common/pypi/simple/" }
wheels = [
    { url = "https://pkgs.dev.azure.com/primer-ai/_packaging/ebbcebb3-fae7-4510-85ab-13932c893edc/pypi/download/pluggy/1.6/pluggy-1.6.0-py3-none-any.whl", hash = "sha256:e920276dd6813095e9377c0bc5566d94c932c33b27a3e3945d8389c374dd4746" },
]

[[package]]
name = "pyee"
version = "13.0.0"
source = { registry = "https://pkgs.dev.azure.com/primer-ai/_packaging/Common/pypi/simple/" }
dependencies = [
    { name = "typing-extensions" },
]
wheels = [
    { url = "https://pkgs.dev.azure.com/primer-ai/_packaging/ebbcebb3-fae7-4510-85ab-13932c893edc/pypi/download/pyee/13/pyee-13.0.0-py3-none-any.whl", hash = "sha256:48195a3cddb3b1515ce0695ed76036b5ccc2ef3a9f963ff9f77aec0139845498" },
]

[[package]]
name = "pygments"
version = "2.19.2"
source = { registry = "https://pkgs.dev.azure.com/primer-ai/_packaging/Common/pypi/simple/" }
wheels = [
    { url = "https://pkgs.dev.azure.com/primer-ai/_packaging/ebbcebb3-fae7-4510-85ab-13932c893edc/pypi/download/pygments/2.19.2/pygments-2.19.2-py3-none-any.whl", hash = "sha256:86540386c03d588bb81d44bc3928634ff26449851e99741617ecb9037ee5ec0b" },
]

[[package]]
name = "pytest"
version = "9.0.2"
source = { registry = "https://pkgs.dev.azure.com/primer-ai/_packaging/Common/pypi/simple/" }
dependencies = [
    { name = "colorama", marker = "sys_platform == 'win32'" },
    { name = "iniconfig" },
    { name = "packaging" },
    { name = "pluggy" },
    { name = "pygments" },
]
wheels = [
    { url = "https://pkgs.dev.azure.com/primer-ai/_packaging/ebbcebb3-fae7-4510-85ab-13932c893edc/pypi/download/pytest/9.0.2/pytest-9.0.2-py3-none-any.whl", hash = "sha256:711ffd45bf766d5264d487b917733b453d917afd2b0ad65223959f59089f875b" },
]

[[package]]
name = "pytest-base-url"
version = "2.1.0"
source = { registry = "https://pkgs.dev.azure.com/primer-ai/_packaging/Common/pypi/simple/" }
dependencies = [
    { name = "pytest" },
    { name = "requests" },
]
wheels = [
    { url = "https://pkgs.dev.azure.com/primer-ai/_packaging/ebbcebb3-fae7-4510-85ab-13932c893edc/pypi/download/pytest-base-url/2.1/pytest_base_url-2.1.0-py3-none-any.whl", hash = "sha256:3ad15611778764d451927b2a53240c1a7a591b521ea44cebfe45849d2d2812e6" },
]

[[package]]
name = "pytest-playwright"
version = "0.7.2"
source = { registry = "https://pkgs.dev.azure.com/primer-ai/_packaging/Common/pypi/simple/" }
dependencies = [
    { name = "playwright" },
    { name = "pytest" },
    { name = "pytest-base-url" },
    { name = "python-slugify" },
]
wheels = [
    { url = "https://pkgs.dev.azure.com/primer-ai/_packaging/ebbcebb3-fae7-4510-85ab-13932c893edc/pypi/download/pytest-playwright/0.7.2/pytest_playwright-0.7.2-py3-none-any.whl", hash = "sha256:8084e015b2b3ecff483c2160f1c8219b38b66c0d4578b23c0f700d1b0240ea38" },
]

[[package]]
name = "python-slugify"
version = "8.0.4"
source = { registry = "https://pkgs.dev.azure.com/primer-ai/_packaging/Common/pypi/simple/" }
dependencies = [
    { name = "text-unidecode" },
]
wheels = [
    { url = "https://pkgs.dev.azure.com/primer-ai/_packaging/ebbcebb3-fae7-4510-85ab-13932c893edc/pypi/download/python-slugify/8.0.4/python_slugify-8.0.4-py2.py3-none-any.whl", hash = "sha256:276540b79961052b66b7d116620b36518847f52d5fd9e3a70164fc8c50faa6b8" },
]

[[package]]
name = "requests"
version = "2.32.5"
source = { registry = "https://pkgs.dev.azure.com/primer-ai/_packaging/Common/pypi/simple/" }
dependencies = [
    { name = "certifi" },
    { name = "charset-normalizer" },
    { name = "idna" },
    { name = "urllib3" },
]
wheels = [
    { url = "https://pkgs.dev.azure.com/primer-ai/_packaging/ebbcebb3-fae7-4510-85ab-13932c893edc/pypi/download/requests/2.32.5/requests-2.32.5-py3-none-any.whl", hash = "sha256:2462f94637a34fd532264295e186976db0f5d453d1cdd31473c85a6a161affb6" },
]

[[package]]
name = "text-unidecode"
version = "1.3"
source = { registry = "https://pkgs.dev.azure.com/primer-ai/_packaging/Common/pypi/simple/" }
wheels = [
    { url = "https://pkgs.dev.azure.com/primer-ai/_packaging/ebbcebb3-fae7-4510-85ab-13932c893edc/pypi/download/text-unidecode/1.3/text_unidecode-1.3-py2.py3-none-any.whl", hash = "sha256:1311f10e8b895935241623731c2ba64f4c455287888b18189350b67134a822e8" },
]

[[package]]
name = "typing-extensions"
version = "4.15.0"
source = { registry = "https://pkgs.dev.azure.com/primer-ai/_packaging/Common/pypi/simple/" }
wheels = [
    { url = "https://pkgs.dev.azure.com/primer-ai/_packaging/ebbcebb3-fae7-4510-85ab-13932c893edc/pypi/download/typing-extensions/4.15/typing_extensions-4.15.0-py3-none-any.whl", hash = "sha256:f0fa19c6845758ab08074a0cfa8b7aecb71c999ca73d62883bc25cc018c4e548" },
]

[[package]]
name = "urllib3"
version = "2.6.3"
source = { registry = "https://pkgs.dev.azure.com/primer-ai/_packaging/Common/pypi/simple/" }
wheels = [
    { url = "https://pkgs.dev.azure.com/primer-ai/_packaging/ebbcebb3-fae7-4510-85ab-13932c893edc/pypi/download/urllib3/2.6.3/urllib3-2.6.3-py3-none-any.whl", hash = "sha256:bf272323e553dfb2e87d9bfd225ca7b0f467b919d7bbd355436d3fd37cb0acd4" },
]
